<?xml version="1.0" encoding="utf-8"?>
<Project ToolsVersion="4.0" xmlns="http://schemas.microsoft.com/developer/msbuild/2003">
  <ItemGroup>
    <ClCompile Include="AngerLevel.cpp" />
    <ClCompile Include="AnimationController.cpp" />
    <ClCompile Include="AnimationSpritePlayground.cpp" />
    <ClCompile Include="AnimationSystem.cpp" />
    <ClCompile Include="AttackMechanic.cpp" />
    <ClCompile Include="BackEnd.cpp" />
    <ClCompile Include="BloomEffect.cpp" />
    <ClCompile Include="BossLevel.cpp" />
    <ClCompile Include="BreakableWallTrigger.cpp" />
    <ClCompile Include="BulletTrigger.cpp" />
    <ClCompile Include="AttackScene.cpp" />
    <ClCompile Include="AttackTrigger.cpp" />
    <ClCompile Include="Camera.cpp" />
    <ClCompile Include="CameraSystem.cpp" />
    <ClCompile Include="CanJump.cpp" />
    <ClCompile Include="CollisionFlag.cpp" />
    <ClCompile Include="CoolDown.cpp" />
    <ClCompile Include="Crumble.cpp" />
    <ClCompile Include="CrumblingSequence.cpp" />
    <ClCompile Include="DestroyPlatformTrigger.cpp" />
    <ClCompile Include="DenialLevel.cpp" />
    <ClCompile Include="DestroyTrigger.cpp" />
    <ClCompile Include="ECS.cpp" />
    <ClCompile Include="EffectManager.cpp" />
    <ClCompile Include="EndTrigger.cpp" />
    <ClCompile Include="FirstCreation.cpp" />
    <ClCompile Include="FlaggedTrigger.cpp" />
    <ClCompile Include="Framebuffer.cpp" />
    <ClCompile Include="Game.cpp" />
    <ClCompile Include="GrainEffect.cpp" />
    <ClCompile Include="GreyscaleEffect.cpp" />
    <ClCompile Include="Health.cpp" />
    <ClCompile Include="HorizontalScroll.cpp" />
    <ClCompile Include="include\imgui\imgui.cpp" />
    <ClCompile Include="include\imgui\imgui_demo.cpp" />
    <ClCompile Include="include\imgui\imgui_draw.cpp" />
    <ClCompile Include="include\imgui\imgui_impl.cpp" />
    <ClCompile Include="include\imgui\imgui_widgets.cpp" />
    <ClCompile Include="Input.cpp" />
    <ClCompile Include="JSON.cpp" />
    <ClCompile Include="Kinematics.cpp" />
    <ClCompile Include="KnockBack.cpp" />
    <ClCompile Include="KnockBackTrigger.cpp" />
    <ClCompile Include="main.cpp" />
    <ClCompile Include="MainEntities.cpp" />
    <ClCompile Include="Matrix.cpp" />
    <ClCompile Include="Movement.cpp" />
    <ClCompile Include="MoveTrigger.cpp" />
    <ClCompile Include="MoveTriggerOneWay.cpp" />
    <ClCompile Include="MovingClass.cpp" />
    <ClCompile Include="MovingPlatform.cpp" />
    <ClCompile Include="MovingTrigger.cpp" />
    <ClCompile Include="OrbTrigger.cpp" />
    <ClCompile Include="OtherEntities.cpp" />
    <ClCompile Include="OutburstTrigger.cpp" />
    <ClCompile Include="PhysicsBody.cpp" />
    <ClCompile Include="PhysicsPlayground.cpp" />
    <ClCompile Include="PhysicsPlaygroundListener.cpp" />
    <ClCompile Include="PhysicsSystem.cpp" />
    <ClCompile Include="PixelateEffect.cpp" />
    <ClCompile Include="Player.cpp" />
    <ClCompile Include="PlayerMechanics.cpp" />
    <ClCompile Include="PostEffect.cpp" />
    <ClCompile Include="RecheckConditions.cpp" />
    <ClCompile Include="RenderingSystem.cpp" />
    <ClCompile Include="ResizeTrigger.cpp" />
    <ClCompile Include="RespawnTrigger.cpp" />
    <ClCompile Include="RotationTrigger.cpp" />
    <ClCompile Include="Scene.cpp" />
    <ClCompile Include="Selectable.cpp" />
    <ClCompile Include="SelectiveColorEffect.cpp" />
    <ClCompile Include="SepiaEffect.cpp" />
    <ClCompile Include="Shader.cpp" />
    <ClCompile Include="ShadowLoop.cpp" />
    <ClCompile Include="ShadowSense.cpp" />
    <ClCompile Include="ShadowTime.cpp" />
    <ClCompile Include="ShieldMechanic.cpp" />
    <ClCompile Include="Shadow.cpp" />
    <ClCompile Include="ShadowV2.cpp" />
    <ClCompile Include="ShrinkTrigger.cpp" />
    <ClCompile Include="Sprite.cpp" />
    <ClCompile Include="TestBulet.cpp" />
    <ClCompile Include="Texture.cpp" />
    <ClCompile Include="TextureManager.cpp" />
    <ClCompile Include="Timer.cpp" />
    <ClCompile Include="Transform.cpp" />
    <ClCompile Include="TranslateTrigger.cpp" />
    <ClCompile Include="Trigger.cpp" />
    <ClCompile Include="TutorialLevel.cpp" />
    <ClCompile Include="UI.cpp" />
    <ClCompile Include="UIComponents.cpp" />
    <ClCompile Include="Utilities.cpp" />
    <ClCompile Include="VanishTrigger.cpp" />
    <ClCompile Include="Vector.cpp" />
    <ClCompile Include="VertexManager.cpp" />
    <ClCompile Include="VerticalScroll.cpp" />
    <ClCompile Include="VignetteEffect.cpp" />
    <ClCompile Include="Window.cpp" />
    <ClCompile Include="XInput.cpp" />
    <ClCompile Include="ShadowTriggers.cpp" />
  </ItemGroup>
  <ItemGroup>
    <ClInclude Include="AngerLevel.h" />
    <ClInclude Include="AnimationController.h" />
    <ClInclude Include="AnimationSpritePlayground.h" />
    <ClInclude Include="AnimationSystem.h" />
    <ClInclude Include="AttackMechanic.h" />
    <ClInclude Include="BackEnd.h" />
    <ClInclude Include="BloomEffect.h" />
    <ClInclude Include="BossLevel.h" />
    <ClInclude Include="BreakableWallTrigger.h" />
    <ClInclude Include="BulletTrigger.h" />
    <ClInclude Include="AttackScene.h" />
    <ClInclude Include="AttackTrigger.h" />
    <ClInclude Include="Camera.h" />
    <ClInclude Include="CameraSystem.h" />
    <ClInclude Include="CanJump.h" />
    <ClInclude Include="CollisionFlag.h" />
    <ClInclude Include="CoolDown.h" />
    <ClInclude Include="Crumble.h" />
    <ClInclude Include="CrumblingSequence.h" />
    <ClInclude Include="DestroyPlatformTrigger.h" />
    <ClInclude Include="DenialLevel.h" />
    <ClInclude Include="DestroyTrigger.h" />
    <ClInclude Include="ECS.h" />
    <ClInclude Include="EffectManager.h" />
    <ClInclude Include="EndTrigger.h" />
    <ClInclude Include="FirstCreation.h" />
    <ClInclude Include="FlaggedTrigger.h" />
    <ClInclude Include="Framebuffer.h" />
    <ClInclude Include="Game.h" />
    <ClInclude Include="GrainEffect.h" />
    <ClInclude Include="GreyscaleEffect.h" />
    <ClInclude Include="Health.h" />
    <ClInclude Include="HorizontalScroll.h" />
    <ClInclude Include="include\imgui\imconfig.h" />
    <ClInclude Include="include\imgui\imgui.h" />
    <ClInclude Include="include\imgui\imgui_impl.h" />
    <ClInclude Include="include\imgui\imgui_internal.h" />
    <ClInclude Include="include\imgui\imstb_rectpack.h" />
    <ClInclude Include="include\imgui\imstb_textedit.h" />
    <ClInclude Include="include\imgui\imstb_truetype.h" />
    <ClInclude Include="Input.h" />
    <ClInclude Include="JSON.h" />
    <ClInclude Include="Kinematics.h" />
    <ClInclude Include="KnockBack.h" />
    <ClInclude Include="KnockBackTrigger.h" />
    <ClInclude Include="MainEntities.h" />
    <ClInclude Include="Matrix.h" />
    <ClInclude Include="Movement.h" />
    <ClInclude Include="MoveTrigger.h" />
    <ClInclude Include="MoveTriggerOneWay.h" />
    <ClInclude Include="MovingClass.h" />
    <ClInclude Include="MovingPlatform.h" />
    <ClInclude Include="MovingTrigger.h" />
    <ClInclude Include="OrbTrigger.h" />
    <ClInclude Include="OtherEntities.h" />
    <ClInclude Include="OutburstTrigger.h" />
    <ClInclude Include="PhysicsBody.h" />
    <ClInclude Include="PhysicsPlayground.h" />
    <ClInclude Include="PhysicsPlaygroundListener.h" />
    <ClInclude Include="PhysicsSystem.h" />
    <ClInclude Include="PixelateEffect.h" />
    <ClInclude Include="Player.h" />
    <ClInclude Include="PlayerMechanics.h" />
    <ClInclude Include="PostEffect.h" />
    <ClInclude Include="RecheckConditions.h" />
    <ClInclude Include="RenderingSystem.h" />
    <ClInclude Include="ResizeTrigger.h" />
    <ClInclude Include="RespawnTrigger.h" />
    <ClInclude Include="RotationTrigger.h" />
    <ClInclude Include="Scene.h" />
    <ClInclude Include="Scenes.h" />
    <ClInclude Include="Selectable.h" />
    <ClInclude Include="SelectiveColorEffect.h" />
    <ClInclude Include="SepiaEffect.h" />
    <ClInclude Include="Shader.h" />
    <ClInclude Include="ShadowLoop.h" />
    <ClInclude Include="ShadowSense.h" />
    <ClInclude Include="ShadowTime.h" />
    <ClInclude Include="ShieldMechanic.h" />
    <ClInclude Include="Shadow.h" />
    <ClInclude Include="ShadowV2.h" />
    <ClInclude Include="ShrinkTrigger.h" />
    <ClInclude Include="Sprite.h" />
    <ClInclude Include="TestBulet.h" />
    <ClInclude Include="Texture.h" />
    <ClInclude Include="TextureManager.h" />
    <ClInclude Include="Timer.h" />
    <ClInclude Include="ToneFire.h" />
    <ClInclude Include="Transform.h" />
    <ClInclude Include="TranslateTrigger.h" />
    <ClInclude Include="Trigger.h" />
    <ClInclude Include="TutorialLevel.h" />
    <ClInclude Include="UI.h" />
    <ClInclude Include="UIComponents.h" />
    <ClInclude Include="Utilities.h" />
    <ClInclude Include="VanishTrigger.h" />
    <ClInclude Include="Vector.h" />
    <ClInclude Include="VertexManager.h" />
    <ClInclude Include="VerticalScroll.h" />
    <ClInclude Include="VignetteEffect.h" />
    <ClInclude Include="Window.h" />
    <ClInclude Include="Xinput.h" />
    <ClInclude Include="ShadowTriggers.h" />
  </ItemGroup>
</Project>